
Microsoft Visual Studio Solution File, Format Version 12.00
# Visual Studio Version 16
VisualStudioVersion = 16.0.33801.447
MinimumVisualStudioVersion = 10.0.40219.1
Project("{8BC9CEB8-8B4A-11D0-8D11-00A0C91BC942}") = "driver", "driver\driver.vcxproj", "{579B8CB9-B45E-4E9C-98AB-1A0E9C9BFC63}"
EndProject
Project("{8BC9CEB8-8B4A-11D0-8D11-00A0C91BC942}") = "application", "application\application.vcxproj", "{F147FB0B-0D3A-448D-ABCF-B17847FBBD21}"
EndProject
Project("{8BC9CEB8-8B4A-11D0-8D11-00A0C91BC942}") = "builder", "builder\builder.vcxproj", "{12EB730D-1606-4E0F-9241-AD96627E393E}"
EndProject
Project("{8BC9CEB8-8B4A-11D0-8D11-00A0C91BC942}") = "load", "load\load.vcxproj", "{BE88314F-16EA-49CC-AE6F-47560EBCA68B}"
EndProject
Project("{8BC9CEB8-8B4A-11D0-8D11-00A0C91BC942}") = "library", "library\library.vcxproj", "{5F1C3787-10C0-459F-9FEE-82A8908E9409}"
EndProject
Project("{8BC9CEB8-8B4A-11D0-8D11-00A0C91BC942}") = "hurricane", "hurricane\hurricane.vcxproj", "{AAD47A45-E3B1-4CDE-8BF4-155752E39472}"
EndProject
Global
	GlobalSection(SolutionConfigurationPlatforms) = preSolution
		Debug|ARM = Debug|ARM
		Debug|ARM64 = Debug|ARM64
		Debug|x64 = Debug|x64
		Debug|x86 = Debug|x86
		Release|ARM = Release|ARM
		Release|ARM64 = Release|ARM64
		Release|x64 = Release|x64
		Release|x86 = Release|x86
	EndGlobalSection
	GlobalSection(ProjectConfigurationPlatforms) = postSolution
		{579B8CB9-B45E-4E9C-98AB-1A0E9C9BFC63}.Debug|ARM.ActiveCfg = Debug|ARM
		{579B8CB9-B45E-4E9C-98AB-1A0E9C9BFC63}.Debug|ARM.Build.0 = Debug|ARM
		{579B8CB9-B45E-4E9C-98AB-1A0E9C9BFC63}.Debug|ARM.Deploy.0 = Debug|ARM
		{579B8CB9-B45E-4E9C-98AB-1A0E9C9BFC63}.Debug|ARM64.ActiveCfg = Debug|ARM64
		{579B8CB9-B45E-4E9C-98AB-1A0E9C9BFC63}.Debug|ARM64.Build.0 = Debug|ARM64
		{579B8CB9-B45E-4E9C-98AB-1A0E9C9BFC63}.Debug|ARM64.Deploy.0 = Debug|ARM64
		{579B8CB9-B45E-4E9C-98AB-1A0E9C9BFC63}.Debug|x64.ActiveCfg = Debug|x64
		{579B8CB9-B45E-4E9C-98AB-1A0E9C9BFC63}.Debug|x64.Build.0 = Debug|x64
		{579B8CB9-B45E-4E9C-98AB-1A0E9C9BFC63}.Debug|x64.Deploy.0 = Debug|x64
		{579B8CB9-B45E-4E9C-98AB-1A0E9C9BFC63}.Debug|x86.ActiveCfg = Debug|Win32
		{579B8CB9-B45E-4E9C-98AB-1A0E9C9BFC63}.Debug|x86.Build.0 = Debug|Win32
		{579B8CB9-B45E-4E9C-98AB-1A0E9C9BFC63}.Debug|x86.Deploy.0 = Debug|Win32
		{579B8CB9-B45E-4E9C-98AB-1A0E9C9BFC63}.Release|ARM.ActiveCfg = Release|ARM
		{579B8CB9-B45E-4E9C-98AB-1A0E9C9BFC63}.Release|ARM.Build.0 = Release|ARM
		{579B8CB9-B45E-4E9C-98AB-1A0E9C9BFC63}.Release|ARM.Deploy.0 = Release|ARM
		{579B8CB9-B45E-4E9C-98AB-1A0E9C9BFC63}.Release|ARM64.ActiveCfg = Release|ARM64
		{579B8CB9-B45E-4E9C-98AB-1A0E9C9BFC63}.Release|ARM64.Build.0 = Release|ARM64
		{579B8CB9-B45E-4E9C-98AB-1A0E9C9BFC63}.Release|ARM64.Deploy.0 = Release|ARM64
		{579B8CB9-B45E-4E9C-98AB-1A0E9C9BFC63}.Release|x64.ActiveCfg = Release|x64
		{579B8CB9-B45E-4E9C-98AB-1A0E9C9BFC63}.Release|x64.Build.0 = Release|x64
		{579B8CB9-B45E-4E9C-98AB-1A0E9C9BFC63}.Release|x64.Deploy.0 = Release|x64
		{579B8CB9-B45E-4E9C-98AB-1A0E9C9BFC63}.Release|x86.ActiveCfg = Release|Win32
		{579B8CB9-B45E-4E9C-98AB-1A0E9C9BFC63}.Release|x86.Build.0 = Release|Win32
		{579B8CB9-B45E-4E9C-98AB-1A0E9C9BFC63}.Release|x86.Deploy.0 = Release|Win32
		{F147FB0B-0D3A-448D-ABCF-B17847FBBD21}.Debug|ARM.ActiveCfg = Debug|Win32
		{F147FB0B-0D3A-448D-ABCF-B17847FBBD21}.Debug|ARM64.ActiveCfg = Debug|Win32
		{F147FB0B-0D3A-448D-ABCF-B17847FBBD21}.Debug|x64.ActiveCfg = Debug|x64
		{F147FB0B-0D3A-448D-ABCF-B17847FBBD21}.Debug|x64.Build.0 = Debug|x64
		{F147FB0B-0D3A-448D-ABCF-B17847FBBD21}.Debug|x86.ActiveCfg = Debug|Win32
		{F147FB0B-0D3A-448D-ABCF-B17847FBBD21}.Debug|x86.Build.0 = Debug|Win32
		{F147FB0B-0D3A-448D-ABCF-B17847FBBD21}.Release|ARM.ActiveCfg = Release|Win32
		{F147FB0B-0D3A-448D-ABCF-B17847FBBD21}.Release|ARM64.ActiveCfg = Release|Win32
		{F147FB0B-0D3A-448D-ABCF-B17847FBBD21}.Release|x64.ActiveCfg = Release|x64
		{F147FB0B-0D3A-448D-ABCF-B17847FBBD21}.Release|x64.Build.0 = Release|x64
		{F147FB0B-0D3A-448D-ABCF-B17847FBBD21}.Release|x86.ActiveCfg = Release|Win32
		{F147FB0B-0D3A-448D-ABCF-B17847FBBD21}.Release|x86.Build.0 = Release|Win32
		{12EB730D-1606-4E0F-9241-AD96627E393E}.Debug|ARM.ActiveCfg = Debug|Win32
		{12EB730D-1606-4E0F-9241-AD96627E393E}.Debug|ARM64.ActiveCfg = Debug|Win32
		{12EB730D-1606-4E0F-9241-AD96627E393E}.Debug|x64.ActiveCfg = Debug|x64
		{12EB730D-1606-4E0F-9241-AD96627E393E}.Debug|x64.Build.0 = Debug|x64
		{12EB730D-1606-4E0F-9241-AD96627E393E}.Debug|x86.ActiveCfg = Debug|Win32
		{12EB730D-1606-4E0F-9241-AD96627E393E}.Debug|x86.Build.0 = Debug|Win32
		{12EB730D-1606-4E0F-9241-AD96627E393E}.Release|ARM.ActiveCfg = Release|Win32
		{12EB730D-1606-4E0F-9241-AD96627E393E}.Release|ARM64.ActiveCfg = Release|Win32
		{12EB730D-1606-4E0F-9241-AD96627E393E}.Release|x64.ActiveCfg = Release|x64
		{12EB730D-1606-4E0F-9241-AD96627E393E}.Release|x64.Build.0 = Release|x64
		{12EB730D-1606-4E0F-9241-AD96627E393E}.Release|x86.ActiveCfg = Release|Win32
		{12EB730D-1606-4E0F-9241-AD96627E393E}.Release|x86.Build.0 = Release|Win32
		{BE88314F-16EA-49CC-AE6F-47560EBCA68B}.Debug|ARM.ActiveCfg = Debug|ARM
		{BE88314F-16EA-49CC-AE6F-47560EBCA68B}.Debug|ARM.Build.0 = Debug|ARM
		{BE88314F-16EA-49CC-AE6F-47560EBCA68B}.Debug|ARM.Deploy.0 = Debug|ARM
		{BE88314F-16EA-49CC-AE6F-47560EBCA68B}.Debug|ARM64.ActiveCfg = Debug|ARM64
		{BE88314F-16EA-49CC-AE6F-47560EBCA68B}.Debug|ARM64.Build.0 = Debug|ARM64
		{BE88314F-16EA-49CC-AE6F-47560EBCA68B}.Debug|ARM64.Deploy.0 = Debug|ARM64
		{BE88314F-16EA-49CC-AE6F-47560EBCA68B}.Debug|x64.ActiveCfg = Debug|x64
		{BE88314F-16EA-49CC-AE6F-47560EBCA68B}.Debug|x64.Build.0 = Debug|x64
		{BE88314F-16EA-49CC-AE6F-47560EBCA68B}.Debug|x64.Deploy.0 = Debug|x64
		{BE88314F-16EA-49CC-AE6F-47560EBCA68B}.Debug|x86.ActiveCfg = Debug|Win32
		{BE88314F-16EA-49CC-AE6F-47560EBCA68B}.Debug|x86.Build.0 = Debug|Win32
		{BE88314F-16EA-49CC-AE6F-47560EBCA68B}.Debug|x86.Deploy.0 = Debug|Win32
		{BE88314F-16EA-49CC-AE6F-47560EBCA68B}.Release|ARM.ActiveCfg = Release|ARM
		{BE88314F-16EA-49CC-AE6F-47560EBCA68B}.Release|ARM.Build.0 = Release|ARM
		{BE88314F-16EA-49CC-AE6F-47560EBCA68B}.Release|ARM.Deploy.0 = Release|ARM
		{BE88314F-16EA-49CC-AE6F-47560EBCA68B}.Release|ARM64.ActiveCfg = Release|ARM64
		{BE88314F-16EA-49CC-AE6F-47560EBCA68B}.Release|ARM64.Build.0 = Release|ARM64
		{BE88314F-16EA-49CC-AE6F-47560EBCA68B}.Release|ARM64.Deploy.0 = Release|ARM64
		{BE88314F-16EA-49CC-AE6F-47560EBCA68B}.Release|x64.ActiveCfg = Release|x64
		{BE88314F-16EA-49CC-AE6F-47560EBCA68B}.Release|x64.Build.0 = Release|x64
		{BE88314F-16EA-49CC-AE6F-47560EBCA68B}.Release|x64.Deploy.0 = Release|x64
		{BE88314F-16EA-49CC-AE6F-47560EBCA68B}.Release|x86.ActiveCfg = Release|Win32
		{BE88314F-16EA-49CC-AE6F-47560EBCA68B}.Release|x86.Build.0 = Release|Win32
		{BE88314F-16EA-49CC-AE6F-47560EBCA68B}.Release|x86.Deploy.0 = Release|Win32
		{5F1C3787-10C0-459F-9FEE-82A8908E9409}.Debug|ARM.ActiveCfg = Debug|Win32
		{5F1C3787-10C0-459F-9FEE-82A8908E9409}.Debug|ARM64.ActiveCfg = Debug|Win32
		{5F1C3787-10C0-459F-9FEE-82A8908E9409}.Debug|x64.ActiveCfg = Debug|x64
		{5F1C3787-10C0-459F-9FEE-82A8908E9409}.Debug|x64.Build.0 = Debug|x64
		{5F1C3787-10C0-459F-9FEE-82A8908E9409}.Debug|x86.ActiveCfg = Debug|Win32
		{5F1C3787-10C0-459F-9FEE-82A8908E9409}.Debug|x86.Build.0 = Debug|Win32
		{5F1C3787-10C0-459F-9FEE-82A8908E9409}.Release|ARM.ActiveCfg = Release|Win32
		{5F1C3787-10C0-459F-9FEE-82A8908E9409}.Release|ARM64.ActiveCfg = Release|Win32
		{5F1C3787-10C0-459F-9FEE-82A8908E9409}.Release|x64.ActiveCfg = Release|x64
		{5F1C3787-10C0-459F-9FEE-82A8908E9409}.Release|x64.Build.0 = Release|x64
		{5F1C3787-10C0-459F-9FEE-82A8908E9409}.Release|x86.ActiveCfg = Release|Win32
		{5F1C3787-10C0-459F-9FEE-82A8908E9409}.Release|x86.Build.0 = Release|Win32
		{AAD47A45-E3B1-4CDE-8BF4-155752E39472}.Debug|ARM.ActiveCfg = Debug|Win32
		{AAD47A45-E3B1-4CDE-8BF4-155752E39472}.Debug|ARM64.ActiveCfg = Debug|Win32
		{AAD47A45-E3B1-4CDE-8BF4-155752E39472}.Debug|x64.ActiveCfg = Debug|x64
		{AAD47A45-E3B1-4CDE-8BF4-155752E39472}.Debug|x64.Build.0 = Debug|x64
		{AAD47A45-E3B1-4CDE-8BF4-155752E39472}.Debug|x86.ActiveCfg = Debug|Win32
		{AAD47A45-E3B1-4CDE-8BF4-155752E39472}.Debug|x86.Build.0 = Debug|Win32
		{AAD47A45-E3B1-4CDE-8BF4-155752E39472}.Release|ARM.ActiveCfg = Release|Win32
		{AAD47A45-E3B1-4CDE-8BF4-155752E39472}.Release|ARM64.ActiveCfg = Release|Win32
		{AAD47A45-E3B1-4CDE-8BF4-155752E39472}.Release|x64.ActiveCfg = Release|x64
		{AAD47A45-E3B1-4CDE-8BF4-155752E39472}.Release|x64.Build.0 = Release|x64
		{AAD47A45-E3B1-4CDE-8BF4-155752E39472}.Release|x86.ActiveCfg = Release|Win32
		{AAD47A45-E3B1-4CDE-8BF4-155752E39472}.Release|x86.Build.0 = Release|Win32
	EndGlobalSection
	GlobalSection(SolutionProperties) = preSolution
		HideSolutionNode = FALSE
	EndGlobalSection
	GlobalSection(ExtensibilityGlobals) = postSolution
		SolutionGuid = {A71952A1-7485-4916-988B-9202BF669CD2}
	EndGlobalSection
EndGlobal
